
Microsoft Visual Studio Solution File, Format Version 12.00
# Visual Studio Version 16
VisualStudioVersion = 16.0.32106.194
MinimumVisualStudioVersion = 10.0.40219.1
Project("{FAE04EC0-301F-11D3-BF4B-00C04F79EFBC}") = "GameStore.WebApi", "GameStore.WebApi\GameStore.WebApi.csproj", "{80C0BA02-6790-4ECA-9D9C-A3A13D1A09B7}"
EndProject
Project("{FAE04EC0-301F-11D3-BF4B-00C04F79EFBC}") = "GameStore.Domain", "GameStore.Domain\GameStore.Domain.csproj", "{9C663431-D76F-4D64-AC2D-797AED12B136}"
EndProject
Project("{FAE04EC0-301F-11D3-BF4B-00C04F79EFBC}") = "GameStore.DAL", "GameStore.DAL\GameStore.DAL.csproj", "{FCE52F5E-4E79-4E24-94E0-2DF66B92AF47}"
EndProject
Project("{FAE04EC0-301F-11D3-BF4B-00C04F79EFBC}") = "GameStore.Service", "GameStore.Service\GameStore.Service.csproj", "{C6F89E41-EE9F-411F-9A33-13F43CFB25D9}"
EndProject
Global
	GlobalSection(SolutionConfigurationPlatforms) = preSolution
		Debug|Any CPU = Debug|Any CPU
		Release|Any CPU = Release|Any CPU
	EndGlobalSection
	GlobalSection(ProjectConfigurationPlatforms) = postSolution
		{80C0BA02-6790-4ECA-9D9C-A3A13D1A09B7}.Debug|Any CPU.ActiveCfg = Debug|Any CPU
		{80C0BA02-6790-4ECA-9D9C-A3A13D1A09B7}.Debug|Any CPU.Build.0 = Debug|Any CPU
		{80C0BA02-6790-4ECA-9D9C-A3A13D1A09B7}.Release|Any CPU.ActiveCfg = Release|Any CPU
		{80C0BA02-6790-4ECA-9D9C-A3A13D1A09B7}.Release|Any CPU.Build.0 = Release|Any CPU
		{9C663431-D76F-4D64-AC2D-797AED12B136}.Debug|Any CPU.ActiveCfg = Debug|Any CPU
		{9C663431-D76F-4D64-AC2D-797AED12B136}.Debug|Any CPU.Build.0 = Debug|Any CPU
		{9C663431-D76F-4D64-AC2D-797AED12B136}.Release|Any CPU.ActiveCfg = Release|Any CPU
		{9C663431-D76F-4D64-AC2D-797AED12B136}.Release|Any CPU.Build.0 = Release|Any CPU
		{FCE52F5E-4E79-4E24-94E0-2DF66B92AF47}.Debug|Any CPU.ActiveCfg = Debug|Any CPU
		{FCE52F5E-4E79-4E24-94E0-2DF66B92AF47}.Debug|Any CPU.Build.0 = Debug|Any CPU
		{FCE52F5E-4E79-4E24-94E0-2DF66B92AF47}.Release|Any CPU.ActiveCfg = Release|Any CPU
		{FCE52F5E-4E79-4E24-94E0-2DF66B92AF47}.Release|Any CPU.Build.0 = Release|Any CPU
		{C6F89E41-EE9F-411F-9A33-13F43CFB25D9}.Debug|Any CPU.ActiveCfg = Debug|Any CPU
		{C6F89E41-EE9F-411F-9A33-13F43CFB25D9}.Debug|Any CPU.Build.0 = Debug|Any CPU
		{C6F89E41-EE9F-411F-9A33-13F43CFB25D9}.Release|Any CPU.ActiveCfg = Release|Any CPU
		{C6F89E41-EE9F-411F-9A33-13F43CFB25D9}.Release|Any CPU.Build.0 = Release|Any CPU
	EndGlobalSection
	GlobalSection(SolutionProperties) = preSolution
		HideSolutionNode = FALSE
	EndGlobalSection
	GlobalSection(ExtensibilityGlobals) = postSolution
		SolutionGuid = {587809E2-ED60-414D-8B73-199316B9A7E4}
	EndGlobalSection
EndGlobal
